
Microsoft Visual Studio Solution File, Format Version 12.00
# Visual Studio Version 16
VisualStudioVersion = 16.0.31624.102
MinimumVisualStudioVersion = 10.0.40219.1
Project("{8BC9CEB8-8B4A-11D0-8D11-00A0C91BC942}") = "WordSearch", "WordSearch\WordSearch.vcxproj", "{6A6399B1-D1E3-4441-AC9F-8061C3E81B1F}"
EndProject
Global
	GlobalSection(SolutionConfigurationPlatforms) = preSolution
		Debug|x64 = Debug|x64
		Debug|x86 = Debug|x86
		Release|x64 = Release|x64
		Release|x86 = Release|x86
	EndGlobalSection
	GlobalSection(ProjectConfigurationPlatforms) = postSolution
		{6A6399B1-D1E3-4441-AC9F-8061C3E81B1F}.Debug|x64.ActiveCfg = Debug|x64
		{6A6399B1-D1E3-4441-AC9F-8061C3E81B1F}.Debug|x64.Build.0 = Debug|x64
		{6A6399B1-D1E3-4441-AC9F-8061C3E81B1F}.Debug|x86.ActiveCfg = Debug|Win32
		{6A6399B1-D1E3-4441-AC9F-8061C3E81B1F}.Debug|x86.Build.0 = Debug|Win32
		{6A6399B1-D1E3-4441-AC9F-8061C3E81B1F}.Release|x64.ActiveCfg = Release|x64
		{6A6399B1-D1E3-4441-AC9F-8061C3E81B1F}.Release|x64.Build.0 = Release|x64
		{6A6399B1-D1E3-4441-AC9F-8061C3E81B1F}.Release|x86.ActiveCfg = Release|Win32
		{6A6399B1-D1E3-4441-AC9F-8061C3E81B1F}.Release|x86.Build.0 = Release|Win32
	EndGlobalSection
	GlobalSection(SolutionProperties) = preSolution
		HideSolutionNode = FALSE
	EndGlobalSection
	GlobalSection(ExtensibilityGlobals) = postSolution
		SolutionGuid = {F01AF070-53F4-4016-842B-44DD2566DBF3}
	EndGlobalSection
EndGlobal
